# This file is generated by running "yarn install" inside your project.
# Manual changes might be lost - proceed with caution!

__metadata:
  version: 10
  cacheKey: 10c0

"@sec-ant/readable-stream@npm:^0.4.1":
  version: 0.4.1
  resolution: "@sec-ant/readable-stream@npm:0.4.1"
  checksum: 10c0/64e9e9cf161e848067a5bf60cdc04d18495dc28bb63a8d9f8993e4dd99b91ad34e4b563c85de17d91ffb177ec17a0664991d2e115f6543e73236a906068987af
  languageName: node
  linkType: hard

"@sindresorhus/merge-streams@npm:^4.0.0":
  version: 4.0.0
  resolution: "@sindresorhus/merge-streams@npm:4.0.0"
  checksum: 10c0/482ee543629aa1933b332f811a1ae805a213681ecdd98c042b1c1b89387df63e7812248bb4df3910b02b3cc5589d3d73e4393f30e197c9dde18046ccd471fc6b
  languageName: node
  linkType: hard

"clipboard-image@npm:^0.1.0":
  version: 0.1.0
  resolution: "clipboard-image@npm:0.1.0"
  dependencies:
    run-jxa: "npm:^3.0.0"
  bin:
    clipboard-image: cli.js
  checksum: 10c0/d2cacc3471721e5d17c4c461621f09e73b1267e6c53e4d8e449e328f9da367b2629137f3ee2e5a819ec534557da4fa1ed3a7e254891f0345e685f00c603fa230
  languageName: node
  linkType: hard

"clipboardy@npm:^5.3.1":
  version: 5.3.1
  resolution: "clipboardy@npm:5.3.1"
  dependencies:
    clipboard-image: "npm:^0.1.0"
    execa: "npm:^9.6.1"
    is-wayland: "npm:^0.1.0"
    is-wsl: "npm:^3.1.0"
    is64bit: "npm:^2.0.0"
    powershell-utils: "npm:^0.2.0"
  checksum: 10c0/3ca79dd0c972ac430e65480965e89ab325889db2bb43e75703a218d80e881c22f13cc59b9425c36d66c260f2d9387a6f42563f25f3453506f075a0273762c180
  languageName: node
  linkType: hard

"cross-spawn@npm:^7.0.3, cross-spawn@npm:^7.0.6":
  version: 7.0.6
  resolution: "cross-spawn@npm:7.0.6"
  dependencies:
    path-key: "npm:^3.1.0"
    shebang-command: "npm:^2.0.0"
    which: "npm:^2.0.1"
  checksum: 10c0/053ea8b2135caff68a9e81470e845613e374e7309a47731e81639de3eaeb90c3d01af0e0b44d2ab9d50b43467223b88567dfeb3262db942dc063b9976718ffc1
  languageName: node
  linkType: hard

"crypto-random-string@npm:^4.0.0":
  version: 4.0.0
  resolution: "crypto-random-string@npm:4.0.0"
  dependencies:
    type-fest: "npm:^1.0.1"
  checksum: 10c0/16e11a3c8140398f5408b7fded35a961b9423c5dac39a60cbbd08bd3f0e07d7de130e87262adea7db03ec1a7a4b7551054e0db07ee5408b012bac5400cfc07a5
  languageName: node
  linkType: hard

"escape-string-regexp@npm:^5.0.0":
  version: 5.0.0
  resolution: "escape-string-regexp@npm:5.0.0"
  checksum: 10c0/6366f474c6f37a802800a435232395e04e9885919873e382b157ab7e8f0feb8fed71497f84a6f6a81a49aab41815522f5839112bd38026d203aea0c91622df95
  languageName: node
  linkType: hard

"execa@npm:^5.1.1":
  version: 5.1.1
  resolution: "execa@npm:5.1.1"
  dependencies:
    cross-spawn: "npm:^7.0.3"
    get-stream: "npm:^6.0.0"
    human-signals: "npm:^2.1.0"
    is-stream: "npm:^2.0.0"
    merge-stream: "npm:^2.0.0"
    npm-run-path: "npm:^4.0.1"
    onetime: "npm:^5.1.2"
    signal-exit: "npm:^3.0.3"
    strip-final-newline: "npm:^2.0.0"
  checksum: 10c0/c8e615235e8de4c5addf2fa4c3da3e3aa59ce975a3e83533b4f6a71750fb816a2e79610dc5f1799b6e28976c9ae86747a36a606655bf8cb414a74d8d507b304f
  languageName: node
  linkType: hard

"execa@npm:^9.6.1":
  version: 9.6.1
  resolution: "execa@npm:9.6.1"
  dependencies:
    "@sindresorhus/merge-streams": "npm:^4.0.0"
    cross-spawn: "npm:^7.0.6"
    figures: "npm:^6.1.0"
    get-stream: "npm:^9.0.0"
    human-signals: "npm:^8.0.1"
    is-plain-obj: "npm:^4.1.0"
    is-stream: "npm:^4.0.1"
    npm-run-path: "npm:^6.0.0"
    pretty-ms: "npm:^9.2.0"
    signal-exit: "npm:^4.1.0"
    strip-final-newline: "npm:^4.0.0"
    yoctocolors: "npm:^2.1.1"
  checksum: 10c0/636b36585306a3c8bc3a9d7b25d2d915fb06d8c9b9b02a804280d62562de3b34535affc1b7702b039320e0953daa6545a073f3c4b63fe974c1fe11336c56b467
  languageName: node
  linkType: hard

"figures@npm:^6.1.0":
  version: 6.1.0
  resolution: "figures@npm:6.1.0"
  dependencies:
    is-unicode-supported: "npm:^2.0.0"
  checksum: 10c0/9159df4264d62ef447a3931537de92f5012210cf5135c35c010df50a2169377581378149abfe1eb238bd6acbba1c0d547b1f18e0af6eee49e30363cedaffcfe4
  languageName: node
  linkType: hard

"get-stream@npm:^6.0.0":
  version: 6.0.1
  resolution: "get-stream@npm:6.0.1"
  checksum: 10c0/49825d57d3fd6964228e6200a58169464b8e8970489b3acdc24906c782fb7f01f9f56f8e6653c4a50713771d6658f7cfe051e5eb8c12e334138c9c918b296341
  languageName: node
  linkType: hard

"get-stream@npm:^9.0.0":
  version: 9.0.1
  resolution: "get-stream@npm:9.0.1"
  dependencies:
    "@sec-ant/readable-stream": "npm:^0.4.1"
    is-stream: "npm:^4.0.1"
  checksum: 10c0/d70e73857f2eea1826ac570c3a912757dcfbe8a718a033fa0c23e12ac8e7d633195b01710e0559af574cbb5af101009b42df7b6f6b29ceec8dbdf7291931b948
  languageName: node
  linkType: hard

"human-signals@npm:^2.1.0":
  version: 2.1.0
  resolution: "human-signals@npm:2.1.0"
  checksum: 10c0/695edb3edfcfe9c8b52a76926cd31b36978782062c0ed9b1192b36bebc75c4c87c82e178dfcb0ed0fc27ca59d434198aac0bd0be18f5781ded775604db22304a
  languageName: node
  linkType: hard

"human-signals@npm:^8.0.1":
  version: 8.0.1
  resolution: "human-signals@npm:8.0.1"
  checksum: 10c0/195ac607108c56253757717242e17cd2e21b29f06c5d2dad362e86c672bf2d096e8a3bbb2601841c376c2301c4ae7cff129e87f740aa4ebff1390c163114c7c4
  languageName: node
  linkType: hard

"is-docker@npm:^3.0.0":
  version: 3.0.0
  resolution: "is-docker@npm:3.0.0"
  bin:
    is-docker: cli.js
  checksum: 10c0/d2c4f8e6d3e34df75a5defd44991b6068afad4835bb783b902fa12d13ebdb8f41b2a199dcb0b5ed2cb78bfee9e4c0bbdb69c2d9646f4106464674d3e697a5856
  languageName: node
  linkType: hard

"is-inside-container@npm:^1.0.0":
  version: 1.0.0
  resolution: "is-inside-container@npm:1.0.0"
  dependencies:
    is-docker: "npm:^3.0.0"
  bin:
    is-inside-container: cli.js
  checksum: 10c0/a8efb0e84f6197e6ff5c64c52890fa9acb49b7b74fed4da7c95383965da6f0fa592b4dbd5e38a79f87fc108196937acdbcd758fcefc9b140e479b39ce1fcd1cd
  languageName: node
  linkType: hard

"is-plain-obj@npm:^4.1.0":
  version: 4.1.0
  resolution: "is-plain-obj@npm:4.1.0"
  checksum: 10c0/32130d651d71d9564dc88ba7e6fda0e91a1010a3694648e9f4f47bb6080438140696d3e3e15c741411d712e47ac9edc1a8a9de1fe76f3487b0d90be06ac9975e
  languageName: node
  linkType: hard

"is-stream@npm:^2.0.0":
  version: 2.0.1
  resolution: "is-stream@npm:2.0.1"
  checksum: 10c0/7c284241313fc6efc329b8d7f08e16c0efeb6baab1b4cd0ba579eb78e5af1aa5da11e68559896a2067cd6c526bd29241dda4eb1225e627d5aa1a89a76d4635a5
  languageName: node
  linkType: hard

"is-stream@npm:^4.0.1":
  version: 4.0.1
  resolution: "is-stream@npm:4.0.1"
  checksum: 10c0/2706c7f19b851327ba374687bc4a3940805e14ca496dc672b9629e744d143b1ad9c6f1b162dece81c7bfbc0f83b32b61ccc19ad2e05aad2dd7af347408f60c7f
  languageName: node
  linkType: hard

"is-unicode-supported@npm:^2.0.0":
  version: 2.1.0
  resolution: "is-unicode-supported@npm:2.1.0"
  checksum: 10c0/a0f53e9a7c1fdbcf2d2ef6e40d4736fdffff1c9f8944c75e15425118ff3610172c87bf7bc6c34d3903b04be59790bb2212ddbe21ee65b5a97030fc50370545a5
  languageName: node
  linkType: hard

"is-wayland@npm:^0.1.0":
  version: 0.1.0
  resolution: "is-wayland@npm:0.1.0"
  checksum: 10c0/3eb9e757e2506b160c4f5746d510baa199c8ca2b6a44ba02e42f0e63787cf0dc1ab2c49e177642e0b14f3bf3ff97cb8518bda976ab7c0a670ba4c1e41f5f2ae7
  languageName: node
  linkType: hard

"is-wsl@npm:^3.1.0":
  version: 3.1.1
  resolution: "is-wsl@npm:3.1.1"
  dependencies:
    is-inside-container: "npm:^1.0.0"
  checksum: 10c0/7e5023522bfb8f27de4de960b0d82c4a8146c0bddb186529a3616d78b5bbbfc19ef0c5fc60d0b3a3cc0bf95a415fbdedc18454310ea3049587c879b07ace5107
  languageName: node
  linkType: hard

"is64bit@npm:^2.0.0":
  version: 2.0.0
  resolution: "is64bit@npm:2.0.0"
  dependencies:
    system-architecture: "npm:^0.1.0"
  checksum: 10c0/9f3741d4b7560e2a30b9ce0c79bb30c7bdcc5df77c897bd59bb68f0fd882ae698015e8da81d48331def66c778d430c1ae3cb8c1fcc34e96c576b66198395faa7
  languageName: node
  linkType: hard

"isexe@npm:^2.0.0":
  version: 2.0.0
  resolution: "isexe@npm:2.0.0"
  checksum: 10c0/228cfa503fadc2c31596ab06ed6aa82c9976eec2bfd83397e7eaf06d0ccf42cd1dfd6743bf9aeb01aebd4156d009994c5f76ea898d2832c1fe342da923ca457d
  languageName: node
  linkType: hard

"macos-version@npm:^6.0.0":
  version: 6.0.0
  resolution: "macos-version@npm:6.0.0"
  dependencies:
    semver: "npm:^7.3.5"
  checksum: 10c0/7c60c22d26c5eb3451d404b35fc404dc018e6491b0cc9730db76be16d1c570373260dcc8560ff2a78112314d569e4801e3e0b577c89f7309fd9887060d4ad1fe
  languageName: node
  linkType: hard

"meow@npm:^14.1.0":
  version: 14.1.0
  resolution: "meow@npm:14.1.0"
  checksum: 10c0/f0ca4bb4fd08e4b9470fcbb7332deb61d72d40d4bda18ffb87c1a98e5014c0b44749ae9f0cab18fa532e26d61cef5d453831f9ae23ac09fa8ea0e0469be73ebc
  languageName: node
  linkType: hard

"merge-stream@npm:^2.0.0":
  version: 2.0.0
  resolution: "merge-stream@npm:2.0.0"
  checksum: 10c0/867fdbb30a6d58b011449b8885601ec1690c3e41c759ecd5a9d609094f7aed0096c37823ff4a7190ef0b8f22cc86beb7049196ff68c016e3b3c671d0dac91ce5
  languageName: node
  linkType: hard

"mimic-fn@npm:^2.1.0":
  version: 2.1.0
  resolution: "mimic-fn@npm:2.1.0"
  checksum: 10c0/b26f5479d7ec6cc2bce275a08f146cf78f5e7b661b18114e2506dd91ec7ec47e7a25bf4360e5438094db0560bcc868079fb3b1fb3892b833c1ecbf63f80c95a4
  languageName: node
  linkType: hard

"npm-run-path@npm:^4.0.1":
  version: 4.0.1
  resolution: "npm-run-path@npm:4.0.1"
  dependencies:
    path-key: "npm:^3.0.0"
  checksum: 10c0/6f9353a95288f8455cf64cbeb707b28826a7f29690244c1e4bb61ec573256e021b6ad6651b394eb1ccfd00d6ec50147253aba2c5fe58a57ceb111fad62c519ac
  languageName: node
  linkType: hard

"npm-run-path@npm:^6.0.0":
  version: 6.0.0
  resolution: "npm-run-path@npm:6.0.0"
  dependencies:
    path-key: "npm:^4.0.0"
    unicorn-magic: "npm:^0.3.0"
  checksum: 10c0/b223c8a0dcd608abf95363ea5c3c0ccc3cd877daf0102eaf1b0f2390d6858d8337fbb7c443af2403b067a7d2c116d10691ecd22ab3c5273c44da1ff8d07753bd
  languageName: node
  linkType: hard

"onetime@npm:^5.1.2":
  version: 5.1.2
  resolution: "onetime@npm:5.1.2"
  dependencies:
    mimic-fn: "npm:^2.1.0"
  checksum: 10c0/ffcef6fbb2692c3c40749f31ea2e22677a876daea92959b8a80b521d95cca7a668c884d8b2045d1d8ee7d56796aa405c405462af112a1477594cc63531baeb8f
  languageName: node
  linkType: hard

"parse-ms@npm:^4.0.0":
  version: 4.0.0
  resolution: "parse-ms@npm:4.0.0"
  checksum: 10c0/a7900f4f1ebac24cbf5e9708c16fb2fd482517fad353aecd7aefb8c2ba2f85ce017913ccb8925d231770404780df46244ea6fec598b3bde6490882358b4d2d16
  languageName: node
  linkType: hard

"path-key@npm:^3.0.0, path-key@npm:^3.1.0":
  version: 3.1.1
  resolution: "path-key@npm:3.1.1"
  checksum: 10c0/748c43efd5a569c039d7a00a03b58eecd1d75f3999f5a28303d75f521288df4823bc057d8784eb72358b2895a05f29a070bc9f1f17d28226cc4e62494cc58c4c
  languageName: node
  linkType: hard

"path-key@npm:^4.0.0":
  version: 4.0.0
  resolution: "path-key@npm:4.0.0"
  checksum: 10c0/794efeef32863a65ac312f3c0b0a99f921f3e827ff63afa5cb09a377e202c262b671f7b3832a4e64731003fa94af0263713962d317b9887bd1e0c48a342efba3
  languageName: node
  linkType: hard

"powershell-utils@npm:^0.2.0":
  version: 0.2.0
  resolution: "powershell-utils@npm:0.2.0"
  checksum: 10c0/0fa649e933800f33276262646cfb0d2ffcdfdb6a68ff80f5ab66e33c3197d3edf022e774502d5e458aee683702994e6d201fda85958c3cb7ccc413e0746b4373
  languageName: node
  linkType: hard

"pretty-ms@npm:^9.2.0":
  version: 9.3.0
  resolution: "pretty-ms@npm:9.3.0"
  dependencies:
    parse-ms: "npm:^4.0.0"
  checksum: 10c0/555ea39a1de48a30601938aedb76d682871d33b6dee015281c37108921514b11e1792928b1648c2e5589acc73c8ef0fb5e585fb4c718e340a28b86799e90fb34
  languageName: node
  linkType: hard

"run-jxa@npm:^3.0.0":
  version: 3.0.0
  resolution: "run-jxa@npm:3.0.0"
  dependencies:
    execa: "npm:^5.1.1"
    macos-version: "npm:^6.0.0"
    subsume: "npm:^4.0.0"
    type-fest: "npm:^2.0.0"
  checksum: 10c0/f9edf02b9370c1a081ba97b8afe0fd63b871eb523c2e3b97d817b1baba34c36ce75a4c68dc24d241557d77331d10354a2cf66e258ef0638fef8a4d040929e120
  languageName: node
  linkType: hard

"semver@npm:^7.3.5":
  version: 7.8.4
  resolution: "semver@npm:7.8.4"
  bin:
    semver: bin/semver.js
  checksum: 10c0/81b7c296fd7927b80f67fa516b75fa1017caac8167795320de28e76ccbc6f7f01763c30ecd10d6a0d8fd089708ab0548a5aebb94b0870e99c2a2b4600a46389b
  languageName: node
  linkType: hard

"shebang-command@npm:^2.0.0":
  version: 2.0.0
  resolution: "shebang-command@npm:2.0.0"
  dependencies:
    shebang-regex: "npm:^3.0.0"
  checksum: 10c0/a41692e7d89a553ef21d324a5cceb5f686d1f3c040759c50aab69688634688c5c327f26f3ecf7001ebfd78c01f3c7c0a11a7c8bfd0a8bc9f6240d4f40b224e4e
  languageName: node
  linkType: hard

"shebang-regex@npm:^3.0.0":
  version: 3.0.0
  resolution: "shebang-regex@npm:3.0.0"
  checksum: 10c0/1dbed0726dd0e1152a92696c76c7f06084eb32a90f0528d11acd764043aacf76994b2fb30aa1291a21bd019d6699164d048286309a278855ee7bec06cf6fb690
  languageName: node
  linkType: hard

"signal-exit@npm:^3.0.3":
  version: 3.0.7
  resolution: "signal-exit@npm:3.0.7"
  checksum: 10c0/25d272fa73e146048565e08f3309d5b942c1979a6f4a58a8c59d5fa299728e9c2fcd1a759ec870863b1fd38653670240cd420dad2ad9330c71f36608a6a1c912
  languageName: node
  linkType: hard

"signal-exit@npm:^4.1.0":
  version: 4.1.0
  resolution: "signal-exit@npm:4.1.0"
  checksum: 10c0/41602dce540e46d599edba9d9860193398d135f7ff72cab629db5171516cfae628d21e7bfccde1bbfdf11c48726bc2a6d1a8fb8701125852fbfda7cf19c6aa83
  languageName: node
  linkType: hard

"source-map@npm:^0.7.6":
  version: 0.7.6
  resolution: "source-map@npm:0.7.6"
  checksum: 10c0/59f6f05538539b274ba771d2e9e32f6c65451982510564438e048bc1352f019c6efcdc6dd07909b1968144941c14015c2c7d4369fb7c4d7d53ae769716dcc16c
  languageName: node
  linkType: hard

"stacktrace-parser@npm:^0.1.11":
  version: 0.1.11
  resolution: "stacktrace-parser@npm:0.1.11"
  dependencies:
    type-fest: "npm:^0.7.1"
  checksum: 10c0/4633d9afe8cd2f6c7fb2cebdee3cc8de7fd5f6f9736645fd08c0f66872a303061ce9cc0ccf46f4216dc94a7941b56e331012398dc0024dc25e46b5eb5d4ff018
  languageName: node
  linkType: hard

"stacktracify@workspace:.":
  version: 0.0.0-use.local
  resolution: "stacktracify@workspace:."
  dependencies:
    clipboardy: "npm:^5.3.1"
    meow: "npm:^14.1.0"
    source-map: "npm:^0.7.6"
    stacktrace-parser: "npm:^0.1.11"
  bin:
    stacktracify: index.js
  languageName: unknown
  linkType: soft

"strip-final-newline@npm:^2.0.0":
  version: 2.0.0
  resolution: "strip-final-newline@npm:2.0.0"
  checksum: 10c0/bddf8ccd47acd85c0e09ad7375409d81653f645fda13227a9d459642277c253d877b68f2e5e4d819fe75733b0e626bac7e954c04f3236f6d196f79c94fa4a96f
  languageName: node
  linkType: hard

"strip-final-newline@npm:^4.0.0":
  version: 4.0.0
  resolution: "strip-final-newline@npm:4.0.0"
  checksum: 10c0/b0cf2b62d597a1b0e3ebc42b88767f0a0d45601f89fd379a928a1812c8779440c81abba708082c946445af1d6b62d5f16e2a7cf4f30d9d6587b89425fae801ff
  languageName: node
  linkType: hard

"subsume@npm:^4.0.0":
  version: 4.0.0
  resolution: "subsume@npm:4.0.0"
  dependencies:
    escape-string-regexp: "npm:^5.0.0"
    unique-string: "npm:^3.0.0"
  checksum: 10c0/f77349c6e1216ebd9142d6b2c2a3c4f9bb09c374f95893b5deb3f009381f58d8c71b61bcf9d5a37e732759785c690db86a1e13499daa3fb378a6adb0a2bfafd0
  languageName: node
  linkType: hard

"system-architecture@npm:^0.1.0":
  version: 0.1.0
  resolution: "system-architecture@npm:0.1.0"
  checksum: 10c0/1969974ea5d31a9ac7c38f2657cfe8255b36f9e1d5ba3c58cb84c24fbeedf562778b8511f18a0abe6d70ae90148cfcaf145ecf26e37c0a53a3829076f3238cbb
  languageName: node
  linkType: hard

"type-fest@npm:^0.7.1":
  version: 0.7.1
  resolution: "type-fest@npm:0.7.1"
  checksum: 10c0/ce6b5ef806a76bf08d0daa78d65e61f24d9a0380bd1f1df36ffb61f84d14a0985c3a921923cf4b97831278cb6fa9bf1b89c751df09407e0510b14e8c081e4e0f
  languageName: node
  linkType: hard

"type-fest@npm:^1.0.1":
  version: 1.4.0
  resolution: "type-fest@npm:1.4.0"
  checksum: 10c0/a3c0f4ee28ff6ddf800d769eafafcdeab32efa38763c1a1b8daeae681920f6e345d7920bf277245235561d8117dab765cb5f829c76b713b4c9de0998a5397141
  languageName: node
  linkType: hard

"type-fest@npm:^2.0.0":
  version: 2.19.0
  resolution: "type-fest@npm:2.19.0"
  checksum: 10c0/a5a7ecf2e654251613218c215c7493574594951c08e52ab9881c9df6a6da0aeca7528c213c622bc374b4e0cb5c443aa3ab758da4e3c959783ce884c3194e12cb
  languageName: node
  linkType: hard

"unicorn-magic@npm:^0.3.0":
  version: 0.3.0
  resolution: "unicorn-magic@npm:0.3.0"
  checksum: 10c0/0a32a997d6c15f1c2a077a15b1c4ca6f268d574cf5b8975e778bb98e6f8db4ef4e86dfcae4e158cd4c7e38fb4dd383b93b13eefddc7f178dea13d3ac8a603271
  languageName: node
  linkType: hard

"unique-string@npm:^3.0.0":
  version: 3.0.0
  resolution: "unique-string@npm:3.0.0"
  dependencies:
    crypto-random-string: "npm:^4.0.0"
  checksum: 10c0/b35ea034b161b2a573666ec16c93076b4b6106b8b16c2415808d747ab3a0566b5db0c4be231d4b11cfbc16d7fd915c9d8a45884bff0e2db11b799775b2e1e017
  languageName: node
  linkType: hard

"which@npm:^2.0.1":
  version: 2.0.2
  resolution: "which@npm:2.0.2"
  dependencies:
    isexe: "npm:^2.0.0"
  bin:
    node-which: ./bin/node-which
  checksum: 10c0/66522872a768b60c2a65a57e8ad184e5372f5b6a9ca6d5f033d4b0dc98aff63995655a7503b9c0a2598936f532120e81dd8cc155e2e92ed662a2b9377cc4374f
  languageName: node
  linkType: hard

"yoctocolors@npm:^2.1.1":
  version: 2.1.2
  resolution: "yoctocolors@npm:2.1.2"
  checksum: 10c0/b220f30f53ebc2167330c3adc86a3c7f158bcba0236f6c67e25644c3188e2571a6014ffc1321943bb619460259d3d27eb4c9cc58c2d884c1b195805883ec7066
  languageName: node
  linkType: hard
